// !$*UTF8*$!
{
	archiveVersion = 1;
	classes = {
	};
	objectVersion = 56;
	objects = {

/* Begin PBXBuildFile section */
		6F06C7F12BC83769006FC78F /* AppDelegate.swift in Sources */ = {isa = PBXBuildFile; fileRef = 6F06C7F02BC83769006FC78F /* AppDelegate.swift */; };
		6F06C7F32BC83769006FC78F /* SceneDelegate.swift in Sources */ = {isa = PBXBuildFile; fileRef = 6F06C7F22BC83769006FC78F /* SceneDelegate.swift */; };
		6F06C7F52BC83769006FC78F /* ViewController.swift in Sources */ = {isa = PBXBuildFile; fileRef = 6F06C7F42BC83769006FC78F /* ViewController.swift */; };
		6F06C7F82BC83769006FC78F /* Main.storyboard in Resources */ = {isa = PBXBuildFile; fileRef = 6F06C7F62BC83769006FC78F /* Main.storyboard */; };
		6F06C7FA2BC8376A006FC78F /* Assets.xcassets in Resources */ = {isa = PBXBuildFile; fileRef = 6F06C7F92BC8376A006FC78F /* Assets.xcassets */; };
		6F06C7FD2BC8376A006FC78F /* LaunchScreen.storyboard in Resources */ = {isa = PBXBuildFile; fileRef = 6F06C7FB2BC8376A006FC78F /* LaunchScreen.storyboard */; };
		6F06C80B2BC83A90006FC78F /* ScreenGuard in Frameworks */ = {isa = PBXBuildFile; productRef = 6F06C80A2BC83A90006FC78F /* ScreenGuard */; };
/* End PBXBuildFile section */

/* Begin PBXFileReference section */
		6F06C7ED2BC83769006FC78F /* ScreenGuard-Example.app */ = {isa = PBXFileReference; explicitFileType = wrapper.application; includeInIndex = 0; path = "ScreenGuard-Example.app"; sourceTree = BUILT_PRODUCTS_DIR; };
		6F06C7F02BC83769006FC78F /* AppDelegate.swift */ = {isa = PBXFileReference; lastKnownFileType = sourcecode.swift; path = AppDelegate.swift; sourceTree = "<group>"; };
		6F06C7F22BC83769006FC78F /* SceneDelegate.swift */ = {isa = PBXFileReference; lastKnownFileType = sourcecode.swift; path = SceneDelegate.swift; sourceTree = "<group>"; };
		6F06C7F42BC83769006FC78F /* ViewController.swift */ = {isa = PBXFileReference; lastKnownFileType = sourcecode.swift; path = ViewController.swift; sourceTree = "<group>"; };
		6F06C7F72BC83769006FC78F /* Base */ = {isa = PBXFileReference; lastKnownFileType = file.storyboard; name = Base; path = Base.lproj/Main.storyboard; sourceTree = "<group>"; };
		6F06C7F92BC8376A006FC78F /* Assets.xcassets */ = {isa = PBXFileReference; lastKnownFileType = folder.assetcatalog; path = Assets.xcassets; sourceTree = "<group>"; };
		6F06C7FC2BC8376A006FC78F /* Base */ = {isa = PBXFileReference; lastKnownFileType = file.storyboard; name = Base; path = Base.lproj/LaunchScreen.storyboard; sourceTree = "<group>"; };
		6F06C7FE2BC8376A006FC78F /* Info.plist */ = {isa = PBXFileReference; lastKnownFileType = text.plist.xml; path = Info.plist; sourceTree = "<group>"; };
		6F06C8082BC839B0006FC78F /* screenguard-ios */ = {isa = PBXFileReference; lastKnownFileType = wrapper; name = "screenguard-ios"; path = ..; sourceTree = "<group>"; };
/* End PBXFileReference section */

/* Begin PBXFrameworksBuildPhase section */
		6F06C7EA2BC83769006FC78F /* Frameworks */ = {
			isa = PBXFrameworksBuildPhase;
			buildActionMask = 2147483647;
			files = (
				6F06C80B2BC83A90006FC78F /* ScreenGuard in Frameworks */,
			);
			runOnlyForDeploymentPostprocessing = 0;
		};
/* End PBXFrameworksBuildPhase section */

/* Begin PBXGroup section */
		6F06C7E42BC83769006FC78F = {
			isa = PBXGroup;
			children = (
				6F06C8082BC839B0006FC78F /* screenguard-ios */,
				6F06C7EF2BC83769006FC78F /* ScreenGuard-Example */,
				6F06C7EE2BC83769006FC78F /* Products */,
				6F06C8092BC83A90006FC78F /* Frameworks */,
			);
			sourceTree = "<group>";
		};
		6F06C7EE2BC83769006FC78F /* Products */ = {
			isa = PBXGroup;
			children = (
				6F06C7ED2BC83769006FC78F /* ScreenGuard-Example.app */,
			);
			name = Products;
			sourceTree = "<group>";
		};
		6F06C7EF2BC83769006FC78F /* ScreenGuard-Example */ = {
			isa = PBXGroup;
			children = (
				6F06C7F02BC83769006FC78F /* AppDelegate.swift */,
				6F06C7F22BC83769006FC78F /* SceneDelegate.swift */,
				6F06C7F42BC83769006FC78F /* ViewController.swift */,
				6F06C7F62BC83769006FC78F /* Main.storyboard */,
				6F06C7F92BC8376A006FC78F /* Assets.xcassets */,
				6F06C7FB2BC8376A006FC78F /* LaunchScreen.storyboard */,
				6F06C7FE2BC8376A006FC78F /* Info.plist */,
			);
			path = "ScreenGuard-Example";
			sourceTree = "<group>";
		};
		6F06C8092BC83A90006FC78F /* Frameworks */ = {
			isa = PBXGroup;
			children = (
			);
			name = Frameworks;
			sourceTree = "<group>";
		};
/* End PBXGroup section */

/* Begin PBXNativeTarget section */
		6F06C7EC2BC83769006FC78F /* ScreenGuard-Example */ = {
			isa = PBXNativeTarget;
			buildConfigurationList = 6F06C8012BC8376A006FC78F /* Build configuration list for PBXNativeTarget "ScreenGuard-Example" */;
			buildPhases = (
				6F06C7E92BC83769006FC78F /* Sources */,
				6F06C7EA2BC83769006FC78F /* Frameworks */,
				6F06C7EB2BC83769006FC78F /* Resources */,
			);
			buildRules = (
			);
			dependencies = (
			);
			name = "ScreenGuard-Example";
			packageProductDependencies = (
				6F06C80A2BC83A90006FC78F /* ScreenGuard */,
			);
			productName = "ScreenGuard-Example";
			productReference = 6F06C7ED2BC83769006FC78F /* ScreenGuard-Example.app */;
			productType = "com.apple.product-type.application";
		};
/* End PBXNativeTarget section */

/* Begin PBXProject section */
		6F06C7E52BC83769006FC78F /* Project object */ = {
			isa = PBXProject;
			attributes = {
				BuildIndependentTargetsInParallel = 1;
				LastSwiftUpdateCheck = 1520;
				LastUpgradeCheck = 1520;
				TargetAttributes = {
					6F06C7EC2BC83769006FC78F = {
						CreatedOnToolsVersion = 15.2;
					};
				};
			};
			buildConfigurationList = 6F06C7E82BC83769006FC78F /* Build configuration list for PBXProject "ScreenGuard-Example" */;
			compatibilityVersion = "Xcode 14.0";
			developmentRegion = en;
			hasScannedForEncodings = 0;
			knownRegions = (
				en,
				Base,
			);
			mainGroup = 6F06C7E42BC83769006FC78F;
			productRefGroup = 6F06C7EE2BC83769006FC78F /* Products */;
			projectDirPath = "";
			projectRoot = "";
			targets = (
				6F06C7EC2BC83769006FC78F /* ScreenGuard-Example */,
			);
		};
/* End PBXProject section */

/* Begin PBXResourcesBuildPhase section */
		6F06C7EB2BC83769006FC78F /* Resources */ = {
			isa = PBXResourcesBuildPhase;
			buildActionMask = 2147483647;
			files = (
				6F06C7FD2BC8376A006FC78F /* LaunchScreen.storyboard in Resources */,
				6F06C7FA2BC8376A006FC78F /* Assets.xcassets in Resources */,
				6F06C7F82BC83769006FC78F /* Main.storyboard in Resources */,
			);
			runOnlyForDeploymentPostprocessing = 0;
		};
/* End PBXResourcesBuildPhase section */

/* Begin PBXSourcesBuildPhase section */
		6F06C7E92BC83769006FC78F /* Sources */ = {
			isa = PBXSourcesBuildPhase;
			buildActionMask = 2147483647;
			files = (
				6F06C7F52BC83769006FC78F /* ViewController.swift in Sources */,
				6F06C7F12BC83769006FC78F /* AppDelegate.swift in Sources */,
				6F06C7F32BC83769006FC78F /* SceneDelegate.swift in Sources */,
			);
			runOnlyForDeploymentPostprocessing = 0;
		};
/* End PBXSourcesBuildPhase section */

/* Begin PBXVariantGroup section */
		6F06C7F62BC83769006FC78F /* Main.storyboard */ = {
			isa = PBXVariantGroup;
			children = (
				6F06C7F72BC83769006FC78F /* Base */,
			);
			name = Main.storyboard;
			sourceTree = "<group>";
		};
		6F06C7FB2BC8376A006FC78F /* LaunchScreen.storyboard */ = {
			isa = PBXVariantGroup;
			children = (
				6F06C7FC2BC8376A006FC78F /* Base */,
			);
			name = LaunchScreen.storyboard;
			sourceTree = "<group>";
		};
/* End PBXVariantGroup section */

/* Begin XCBuildConfiguration section */
		6F06C7FF2BC8376A006FC78F /* Debug */ = {
			isa = XCBuildConfiguration;
			buildSettings = {
				ALWAYS_SEARCH_USER_PATHS = NO;
				ASSETCATALOG_COMPILER_GENERATE_SWIFT_ASSET_SYMBOL_EXTENSIONS = YES;
				CLANG_ANALYZER_NONNULL = YES;
				CLANG_ANALYZER_NUMBER_OBJECT_CONVERSION = YES_AGGRESSIVE;
				CLANG_CXX_LANGUAGE_STANDARD = "gnu++20";
				CLANG_ENABLE_MODULES = YES;
				CLANG_ENABLE_OBJC_ARC = YES;
				CLANG_ENABLE_OBJC_WEAK = YES;
				CLANG_WARN_BLOCK_CAPTURE_AUTORELEASING = YES;
				CLANG_WARN_BOOL_CONVERSION = YES;
				CLANG_WARN_COMMA = YES;
				CLANG_WARN_CONSTANT_CONVERSION = YES;
				CLANG_WARN_DEPRECATED_OBJC_IMPLEMENTATIONS = YES;
				CLANG_WARN_DIRECT_OBJC_ISA_USAGE = YES_ERROR;
				CLANG_WARN_DOCUMENTATION_COMMENTS = YES;
				CLANG_WARN_EMPTY_BODY = YES;
				CLANG_WARN_ENUM_CONVERSION = YES;
				CLANG_WARN_INFINITE_RECURSION = YES;
				CLANG_WARN_INT_CONVERSION = YES;
				CLANG_WARN_NON_LITERAL_NULL_CONVERSION = YES;
				CLANG_WARN_OBJC_IMPLICIT_RETAIN_SELF = YES;
				CLANG_WARN_OBJC_LITERAL_CONVERSION = YES;
				CLANG_WARN_OBJC_ROOT_CLASS = YES_ERROR;
				CLANG_WARN_QUOTED_INCLUDE_IN_FRAMEWORK_HEADER = YES;
				CLANG_WARN_RANGE_LOOP_ANALYSIS = YES;
				CLANG_WARN_STRICT_PROTOTYPES = YES;
				CLANG_WARN_SUSPICIOUS_MOVE = YES;
				CLANG_WARN_UNGUARDED_AVAILABILITY = YES_AGGRESSIVE;
				CLANG_WARN_UNREACHABLE_CODE = YES;
				CLANG_WARN__DUPLICATE_METHOD_MATCH = YES;
				COPY_PHASE_STRIP = NO;
				DEBUG_INFORMATION_FORMAT = dwarf;
				ENABLE_STRICT_OBJC_MSGSEND = YES;
				ENABLE_TESTABILITY = YES;
				ENABLE_USER_SCRIPT_SANDBOXING = YES;
				GCC_C_LANGUAGE_STANDARD = gnu17;
				GCC_DYNAMIC_NO_PIC = NO;
				GCC_NO_COMMON_BLOCKS = YES;
				GCC_OPTIMIZATION_LEVEL = 0;
				GCC_PREPROCESSOR_DEFINITIONS = (
					"DEBUG=1",
					"$(inherited)",
				);
				GCC_WARN_64_TO_32_BIT_CONVERSION = YES;
				GCC_WARN_ABOUT_RETURN_TYPE = YES_ERROR;
				GCC_WARN_UNDECLARED_SELECTOR = YES;
				GCC_WARN_UNINITIALIZED_AUTOS = YES_AGGRESSIVE;
				GCC_WARN_UNUSED_FUNCTION = YES;
				GCC_WARN_UNUSED_VARIABLE = YES;
				IPHONEOS_DEPLOYMENT_TARGET = 17.2;
				LOCALIZATION_PREFERS_STRING_CATALOGS = YES;
				MTL_ENABLE_DEBUG_INFO = INCLUDE_SOURCE;
				MTL_FAST_MATH = YES;
				ONLY_ACTIVE_ARCH = YES;
				SDKROOT = iphoneos;
				SWIFT_ACTIVE_COMPILATION_CONDITIONS = "DEBUG $(inherited)";
				SWIFT_OPTIMIZATION_LEVEL = "-Onone";
			};
			name = Debug;
		};
		6F06C8002BC8376A006FC78F /* Release */ = {
			isa = XCBuildConfiguration;
			buildSettings = {
				ALWAYS_SEARCH_USER_PATHS = NO;
				ASSETCATALOG_COMPILER_GENERATE_SWIFT_ASSET_SYMBOL_EXTENSIONS = YES;
				CLANG_ANALYZER_NONNULL = YES;
				CLANG_ANALYZER_NUMBER_OBJECT_CONVERSION = YES_AGGRESSIVE;
				CLANG_CXX_LANGUAGE_STANDARD = "gnu++20";
				CLANG_ENABLE_MODULES = YES;
				CLANG_ENABLE_OBJC_ARC = YES;
				CLANG_ENABLE_OBJC_WEAK = YES;
				CLANG_WARN_BLOCK_CAPTURE_AUTORELEASING = YES;
				CLANG_WARN_BOOL_CONVERSION = YES;
				CLANG_WARN_COMMA = YES;
				CLANG_WARN_CONSTANT_CONVERSION = YES;
				CLANG_WARN_DEPRECATED_OBJC_IMPLEMENTATIONS = YES;
				CLANG_WARN_DIRECT_OBJC_ISA_USAGE = YES_ERROR;
				CLANG_WARN_DOCUMENTATION_COMMENTS = YES;
				CLANG_WARN_EMPTY_BODY = YES;
				CLANG_WARN_ENUM_CONVERSION = YES;
				CLANG_WARN_INFINITE_RECURSION = YES;
				CLANG_WARN_INT_CONVERSION = YES;
				CLANG_WARN_NON_LITERAL_NULL_CONVERSION = YES;
				CLANG_WARN_OBJC_IMPLICIT_RETAIN_SELF = YES;
				CLANG_WARN_OBJC_LITERAL_CONVERSION = YES;
				CLANG_WARN_OBJC_ROOT_CLASS = YES_ERROR;
				CLANG_WARN_QUOTED_INCLUDE_IN_FRAMEWORK_HEADER = YES;
				CLANG_WARN_RANGE_LOOP_ANALYSIS = YES;
				CLANG_WARN_STRICT_PROTOTYPES = YES;
				CLANG_WARN_SUSPICIOUS_MOVE = YES;
				CLANG_WARN_UNGUARDED_AVAILABILITY = YES_AGGRESSIVE;
				CLANG_WARN_UNREACHABLE_CODE = YES;
				CLANG_WARN__DUPLICATE_METHOD_MATCH = YES;
				COPY_PHASE_STRIP = NO;
				DEBUG_INFORMATION_FORMAT = "dwarf-with-dsym";
				ENABLE_NS_ASSERTIONS = NO;
				ENABLE_STRICT_OBJC_MSGSEND = YES;
				ENABLE_USER_SCRIPT_SANDBOXING = YES;
				GCC_C_LANGUAGE_STANDARD = gnu17;
				GCC_NO_COMMON_BLOCKS = YES;
				GCC_WARN_64_TO_32_BIT_CONVERSION = YES;
				GCC_WARN_ABOUT_RETURN_TYPE = YES_ERROR;
				GCC_WARN_UNDECLARED_SELECTOR = YES;
				GCC_WARN_UNINITIALIZED_AUTOS = YES_AGGRESSIVE;
				GCC_WARN_UNUSED_FUNCTION = YES;
				GCC_WARN_UNUSED_VARIABLE = YES;
				IPHONEOS_DEPLOYMENT_TARGET = 17.2;
				LOCALIZATION_PREFERS_STRING_CATALOGS = YES;
				MTL_ENABLE_DEBUG_INFO = NO;
				MTL_FAST_MATH = YES;
				SDKROOT = iphoneos;
				SWIFT_COMPILATION_MODE = wholemodule;
				VALIDATE_PRODUCT = YES;
			};
			name = Release;
		};
		6F06C8022BC8376A006FC78F /* Debug */ = {
			isa = XCBuildConfiguration;
			buildSettings = {
				ASSETCATALOG_COMPILER_APPICON_NAME = AppIcon;
				ASSETCATALOG_COMPILER_GLOBAL_ACCENT_COLOR_NAME = AccentColor;
				CODE_SIGN_STYLE = Automatic;
				CURRENT_PROJECT_VERSION = 1;
				DEVELOPMENT_TEAM = RW2S3K3Q8M;
				GENERATE_INFOPLIST_FILE = YES;
				INFOPLIST_FILE = "ScreenGuard-Example/Info.plist";
				INFOPLIST_KEY_UIApplicationSupportsIndirectInputEvents = YES;
				INFOPLIST_KEY_UILaunchStoryboardName = LaunchScreen;
				INFOPLIST_KEY_UIMainStoryboardFile = Main;
				INFOPLIST_KEY_UISupportedInterfaceOrientations_iPad = "UIInterfaceOrientationPortrait UIInterfaceOrientationPortraitUpsideDown UIInterfaceOrientationLandscapeLeft UIInterfaceOrientationLandscapeRight";
				INFOPLIST_KEY_UISupportedInterfaceOrientations_iPhone = "UIInterfaceOrientationPortrait UIInterfaceOrientationLandscapeLeft UIInterfaceOrientationLandscapeRight";
				LD_RUNPATH_SEARCH_PATHS = (
					"$(inherited)",
					"@executable_path/Frameworks",
				);
				MARKETING_VERSION = 1.0;
				PRODUCT_BUNDLE_IDENTIFIER = com.volodymyrhanas.screenguard.example;
				PRODUCT_NAME = "$(TARGET_NAME)";
				SWIFT_EMIT_LOC_STRINGS = YES;
				SWIFT_VERSION = 5.0;
				TARGETED_DEVICE_FAMILY = "1,2";
			};
			name = Debug;
		};
		6F06C8032BC8376A006FC78F /* Release */ = {
			isa = XCBuildConfiguration;
			buildSettings = {
				ASSETCATALOG_COMPILER_APPICON_NAME = AppIcon;
				ASSETCATALOG_COMPILER_GLOBAL_ACCENT_COLOR_NAME = AccentColor;
				CODE_SIGN_STYLE = Automatic;
				CURRENT_PROJECT_VERSION = 1;
				DEVELOPMENT_TEAM = RW2S3K3Q8M;
				GENERATE_INFOPLIST_FILE = YES;
				INFOPLIST_FILE = "ScreenGuard-Example/Info.plist";
				INFOPLIST_KEY_UIApplicationSupportsIndirectInputEvents = YES;
				INFOPLIST_KEY_UILaunchStoryboardName = LaunchScreen;
				INFOPLIST_KEY_UIMainStoryboardFile = Main;
				INFOPLIST_KEY_UISupportedInterfaceOrientations_iPad = "UIInterfaceOrientationPortrait UIInterfaceOrientationPortraitUpsideDown UIInterfaceOrientationLandscapeLeft UIInterfaceOrientationLandscapeRight";
				INFOPLIST_KEY_UISupportedInterfaceOrientations_iPhone = "UIInterfaceOrientationPortrait UIInterfaceOrientationLandscapeLeft UIInterfaceOrientationLandscapeRight";
				LD_RUNPATH_SEARCH_PATHS = (
					"$(inherited)",
					"@executable_path/Frameworks",
				);
				MARKETING_VERSION = 1.0;
				PRODUCT_BUNDLE_IDENTIFIER = com.volodymyrhanas.screenguard.example;
				PRODUCT_NAME = "$(TARGET_NAME)";
				SWIFT_EMIT_LOC_STRINGS = YES;
				SWIFT_VERSION = 5.0;
				TARGETED_DEVICE_FAMILY = "1,2";
			};
			name = Release;
		};
/* End XCBuildConfiguration section */

/* Begin XCConfigurationList section */
		6F06C7E82BC83769006FC78F /* Build configuration list for PBXProject "ScreenGuard-Example" */ = {
			isa = XCConfigurationList;
			buildConfigurations = (
				6F06C7FF2BC8376A006FC78F /* Debug */,
				6F06C8002BC8376A006FC78F /* Release */,
			);
			defaultConfigurationIsVisible = 0;
			defaultConfigurationName = Release;
		};
		6F06C8012BC8376A006FC78F /* Build configuration list for PBXNativeTarget "ScreenGuard-Example" */ = {
			isa = XCConfigurationList;
			buildConfigurations = (
				6F06C8022BC8376A006FC78F /* Debug */,
				6F06C8032BC8376A006FC78F /* Release */,
			);
			defaultConfigurationIsVisible = 0;
			defaultConfigurationName = Release;
		};
/* End XCConfigurationList section */

/* Begin XCSwiftPackageProductDependency section */
		6F06C80A2BC83A90006FC78F /* ScreenGuard */ = {
			isa = XCSwiftPackageProductDependency;
			productName = ScreenGuard;
		};
/* End XCSwiftPackageProductDependency section */
	};
	rootObject = 6F06C7E52BC83769006FC78F /* Project object */;
}
